<?xml version="1.0" encoding="utf-8"?>
<Project ToolsVersion="17.0" xmlns="http://schemas.microsoft.com/developer/msbuild/2003">
  <ItemGroup>
    <CustomBuild Include="D:\Repos\strolb\bld\CMakeFiles\491fff4df247c2b062c524a67ba59004\generate.stamp.rule">
      <Filter>CMake Rules</Filter>
    </CustomBuild>
  </ItemGroup>
  <ItemGroup>
    <Filter Include="CMake Rules">
      <UniqueIdentifier>{2124187F-0ACB-354F-B8E3-F956324F1241}</UniqueIdentifier>
    </Filter>
  </ItemGroup>
</Project>
